
Microsoft Visual Studio Solution File, Format Version 12.00
# Visual Studio Version 17
VisualStudioVersion = 17.13.35913.81 d17.13
MinimumVisualStudioVersion = 10.0.40219.1
Project("{FAE04EC0-301F-11D3-BF4B-00C04F79EFBC}") = "StudentTrackingSystem.PL", "StudentTrackingSystem\StudentTrackingSystem.PL.csproj", "{C8CBBA98-0665-4359-A330-A7A3D7C28823}"
EndProject
Project("{FAE04EC0-301F-11D3-BF4B-00C04F79EFBC}") = "StudentTrackingSystem.DAL", "StudentTrackingSystem.DL\StudentTrackingSystem.DAL.csproj", "{1C279851-E2C3-4774-8EB4-1E10E6B28E08}"
EndProject
Project("{FAE04EC0-301F-11D3-BF4B-00C04F79EFBC}") = "StudentTrackingSystem.BLL", "StudentTrackingSystem.LL\StudentTrackingSystem.BLL.csproj", "{023417DD-2ED6-4D36-ABB1-F5BB62EB4806}"
EndProject
Global
	GlobalSection(SolutionConfigurationPlatforms) = preSolution
		Debug|Any CPU = Debug|Any CPU
		Release|Any CPU = Release|Any CPU
	EndGlobalSection
	GlobalSection(ProjectConfigurationPlatforms) = postSolution
		{C8CBBA98-0665-4359-A330-A7A3D7C28823}.Debug|Any CPU.ActiveCfg = Debug|Any CPU
		{C8CBBA98-0665-4359-A330-A7A3D7C28823}.Debug|Any CPU.Build.0 = Debug|Any CPU
		{C8CBBA98-0665-4359-A330-A7A3D7C28823}.Release|Any CPU.ActiveCfg = Release|Any CPU
		{C8CBBA98-0665-4359-A330-A7A3D7C28823}.Release|Any CPU.Build.0 = Release|Any CPU
		{1C279851-E2C3-4774-8EB4-1E10E6B28E08}.Debug|Any CPU.ActiveCfg = Debug|Any CPU
		{1C279851-E2C3-4774-8EB4-1E10E6B28E08}.Debug|Any CPU.Build.0 = Debug|Any CPU
		{1C279851-E2C3-4774-8EB4-1E10E6B28E08}.Release|Any CPU.ActiveCfg = Release|Any CPU
		{1C279851-E2C3-4774-8EB4-1E10E6B28E08}.Release|Any CPU.Build.0 = Release|Any CPU
		{023417DD-2ED6-4D36-ABB1-F5BB62EB4806}.Debug|Any CPU.ActiveCfg = Debug|Any CPU
		{023417DD-2ED6-4D36-ABB1-F5BB62EB4806}.Debug|Any CPU.Build.0 = Debug|Any CPU
		{023417DD-2ED6-4D36-ABB1-F5BB62EB4806}.Release|Any CPU.ActiveCfg = Release|Any CPU
		{023417DD-2ED6-4D36-ABB1-F5BB62EB4806}.Release|Any CPU.Build.0 = Release|Any CPU
	EndGlobalSection
	GlobalSection(SolutionProperties) = preSolution
		HideSolutionNode = FALSE
	EndGlobalSection
	GlobalSection(ExtensibilityGlobals) = postSolution
		SolutionGuid = {877E0AD6-F63F-4AA1-83A9-E97D491C7D5C}
	EndGlobalSection
EndGlobal
